
Microsoft Visual Studio Solution File, Format Version 12.00
# Visual Studio 15
VisualStudioVersion = 15.0.28307.438
MinimumVisualStudioVersion = 10.0.40219.1
Project("{FAE04EC0-301F-11D3-BF4B-00C04F79EFBC}") = "EF.Core.Subqueries", "EF.Core.Subqueries\EF.Core.Subqueries.csproj", "{FCF7816D-BE19-44B9-97DB-3F75E56C620A}"
EndProject
Global
	GlobalSection(SolutionConfigurationPlatforms) = preSolution
		Debug|Any CPU = Debug|Any CPU
		Release|Any CPU = Release|Any CPU
	EndGlobalSection
	GlobalSection(ProjectConfigurationPlatforms) = postSolution
		{FCF7816D-BE19-44B9-97DB-3F75E56C620A}.Debug|Any CPU.ActiveCfg = Debug|Any CPU
		{FCF7816D-BE19-44B9-97DB-3F75E56C620A}.Debug|Any CPU.Build.0 = Debug|Any CPU
		{FCF7816D-BE19-44B9-97DB-3F75E56C620A}.Release|Any CPU.ActiveCfg = Release|Any CPU
		{FCF7816D-BE19-44B9-97DB-3F75E56C620A}.Release|Any CPU.Build.0 = Release|Any CPU
	EndGlobalSection
	GlobalSection(SolutionProperties) = preSolution
		HideSolutionNode = FALSE
	EndGlobalSection
	GlobalSection(ExtensibilityGlobals) = postSolution
		SolutionGuid = {C6B4F8A9-A02D-44AA-82AD-BDC94B727BB7}
	EndGlobalSection
EndGlobal
